PODS:
  - Bolts (1.1.3)
  - Facebook-iOS-SDK (3.23.0):
    - Bolts (~> 1.0)
  - Parse (1.6.2):
    - Bolts (~> 1.1)
  - ParseFacebookUtils (1.6.3):
    - Facebook-iOS-SDK (~> 3.20)
    - Parse (~> 1.6.3)
  - pop (1.0.7)

DEPENDENCIES:
  - Facebook-iOS-SDK
  - Parse
  - ParseFacebookUtils
  - pop

SPEC CHECKSUMS:
  Bolts: 3db0a875235e0c9042b013af13af0f00f79b102c
  Facebook-iOS-SDK: 3d65f685348b789e46a9aacf92bfa85b60b63755
  Parse: 60d65108fe39da77ec16c9e51d74b4d296b21424
  ParseFacebookUtils: bb14e63862f920cc3f3864b0e373d6771b765255
  pop: 2f14a1ea61339767af9e66741b418c831b3844df

COCOAPODS: 0.34.2
